
Microsoft Visual Studio Solution File, Format Version 12.00
# Visual Studio Version 16
VisualStudioVersion = 16.0.29709.97
MinimumVisualStudioVersion = 10.0.40219.1
Project("{FAE04EC0-301F-11D3-BF4B-00C04F79EFBC}") = "Weather", "Weather\Weather.csproj", "{933E505F-D885-46E2-86E7-6B382C666C66}"
EndProject
Global
	GlobalSection(SolutionConfigurationPlatforms) = preSolution
		Debug|Any CPU = Debug|Any CPU
		Release|Any CPU = Release|Any CPU
	EndGlobalSection
	GlobalSection(ProjectConfigurationPlatforms) = postSolution
		{933E505F-D885-46E2-86E7-6B382C666C66}.Debug|Any CPU.ActiveCfg = Debug|Any CPU
		{933E505F-D885-46E2-86E7-6B382C666C66}.Debug|Any CPU.Build.0 = Debug|Any CPU
		{933E505F-D885-46E2-86E7-6B382C666C66}.Release|Any CPU.ActiveCfg = Release|Any CPU
		{933E505F-D885-46E2-86E7-6B382C666C66}.Release|Any CPU.Build.0 = Release|Any CPU
	EndGlobalSection
	GlobalSection(SolutionProperties) = preSolution
		HideSolutionNode = FALSE
	EndGlobalSection
	GlobalSection(ExtensibilityGlobals) = postSolution
		SolutionGuid = {A78CD2A3-9B4D-408B-B0EC-2F636828EA2C}
	EndGlobalSection
EndGlobal
